
Microsoft Visual Studio Solution File, Format Version 12.00
# Visual Studio Version 17
Project("{8BC9CEB8-8B4A-11D0-8D11-00A0C91BC942}") = "ALL_BUILD", "ALL_BUILD.vcxproj", "{C5A58C99-6800-3436-9D81-0C3B81F2C8AB}"
	ProjectSection(ProjectDependencies) = postProject
		{A58E8339-172C-3B27-B933-60CD99FF15F0} = {A58E8339-172C-3B27-B933-60CD99FF15F0}
	EndProjectSection
EndProject
Project("{8BC9CEB8-8B4A-11D0-8D11-00A0C91BC942}") = "MathModule", "..\Math\MathModule.vcxproj", "{E0945C62-441F-3B33-A12B-193CE127E0EF}"
	ProjectSection(ProjectDependencies) = postProject
	EndProjectSection
EndProject
Project("{8BC9CEB8-8B4A-11D0-8D11-00A0C91BC942}") = "RendererModule", "RendererModule.vcxproj", "{A58E8339-172C-3B27-B933-60CD99FF15F0}"
	ProjectSection(ProjectDependencies) = postProject
		{E0945C62-441F-3B33-A12B-193CE127E0EF} = {E0945C62-441F-3B33-A12B-193CE127E0EF}
	EndProjectSection
EndProject
Global
	GlobalSection(SolutionConfigurationPlatforms) = preSolution
		Debug|x64 = Debug|x64
		Release|x64 = Release|x64
		MinSizeRel|x64 = MinSizeRel|x64
		RelWithDebInfo|x64 = RelWithDebInfo|x64
	EndGlobalSection
	GlobalSection(ProjectConfigurationPlatforms) = postSolution
		{C5A58C99-6800-3436-9D81-0C3B81F2C8AB}.Debug|x64.ActiveCfg = Debug|x64
		{C5A58C99-6800-3436-9D81-0C3B81F2C8AB}.Release|x64.ActiveCfg = Release|x64
		{C5A58C99-6800-3436-9D81-0C3B81F2C8AB}.MinSizeRel|x64.ActiveCfg = MinSizeRel|x64
		{C5A58C99-6800-3436-9D81-0C3B81F2C8AB}.RelWithDebInfo|x64.ActiveCfg = RelWithDebInfo|x64
		{E0945C62-441F-3B33-A12B-193CE127E0EF}.Debug|x64.ActiveCfg = Debug|x64
		{E0945C62-441F-3B33-A12B-193CE127E0EF}.Debug|x64.Build.0 = Debug|x64
		{E0945C62-441F-3B33-A12B-193CE127E0EF}.Release|x64.ActiveCfg = Release|x64
		{E0945C62-441F-3B33-A12B-193CE127E0EF}.Release|x64.Build.0 = Release|x64
		{E0945C62-441F-3B33-A12B-193CE127E0EF}.MinSizeRel|x64.ActiveCfg = MinSizeRel|x64
		{E0945C62-441F-3B33-A12B-193CE127E0EF}.MinSizeRel|x64.Build.0 = MinSizeRel|x64
		{E0945C62-441F-3B33-A12B-193CE127E0EF}.RelWithDebInfo|x64.ActiveCfg = RelWithDebInfo|x64
		{E0945C62-441F-3B33-A12B-193CE127E0EF}.RelWithDebInfo|x64.Build.0 = RelWithDebInfo|x64
		{A58E8339-172C-3B27-B933-60CD99FF15F0}.Debug|x64.ActiveCfg = Debug|x64
		{A58E8339-172C-3B27-B933-60CD99FF15F0}.Debug|x64.Build.0 = Debug|x64
		{A58E8339-172C-3B27-B933-60CD99FF15F0}.Release|x64.ActiveCfg = Release|x64
		{A58E8339-172C-3B27-B933-60CD99FF15F0}.Release|x64.Build.0 = Release|x64
		{A58E8339-172C-3B27-B933-60CD99FF15F0}.MinSizeRel|x64.ActiveCfg = MinSizeRel|x64
		{A58E8339-172C-3B27-B933-60CD99FF15F0}.MinSizeRel|x64.Build.0 = MinSizeRel|x64
		{A58E8339-172C-3B27-B933-60CD99FF15F0}.RelWithDebInfo|x64.ActiveCfg = RelWithDebInfo|x64
		{A58E8339-172C-3B27-B933-60CD99FF15F0}.RelWithDebInfo|x64.Build.0 = RelWithDebInfo|x64
	EndGlobalSection
	GlobalSection(ExtensibilityGlobals) = postSolution
		SolutionGuid = {77B213E7-0A9E-3847-93A6-385C7455BBD7}
	EndGlobalSection
	GlobalSection(ExtensibilityAddIns) = postSolution
	EndGlobalSection
EndGlobal
