<?xml version="1.0" encoding="utf-8"?>
<Project ToolsVersion="17.0" xmlns="http://schemas.microsoft.com/developer/msbuild/2003">
  <ItemGroup>
    <ClCompile Include="C:\Users\earth\Desktop\GameMath\Source\Player\Precompiled.cpp" />
    <ClCompile Include="C:\Users\earth\Desktop\GameMath\Source\Player\Private\SystemInputManager.cpp">
      <Filter>Private</Filter>
    </ClCompile>
    <ClCompile Include="C:\Users\earth\Desktop\GameMath\Source\Player\SoftRenderer.cpp" />
    <ClCompile Include="C:\Users\earth\Desktop\GameMath\Source\Player\SoftRenderer2D.cpp" />
    <ClCompile Include="C:\Users\earth\Desktop\GameMath\Source\Player\SoftRenderer3D.cpp" />
    <ClCompile Include="C:\Users\earth\Desktop\GameMath\Source\Player\Private\Windows\WindowsApp.cpp">
      <Filter>Private\Windows</Filter>
    </ClCompile>
  </ItemGroup>
  <ItemGroup>
    <ClInclude Include="C:\Users\earth\Desktop\GameMath\Source\Player\Precompiled.h" />
    <ClInclude Include="C:\Users\earth\Desktop\GameMath\Source\Player\SoftRenderer.h" />
    <ClInclude Include="C:\Users\earth\Desktop\GameMath\Source\Player\SystemInputManager.h" />
    <ClInclude Include="C:\Users\earth\Desktop\GameMath\Source\Player\Private\Windows\Res\resource.h">
      <Filter>Private\Windows\Res</Filter>
    </ClInclude>
    <ClInclude Include="C:\Users\earth\Desktop\GameMath\Source\Player\Private\Windows\WindowsPlayer.h">
      <Filter>Private\Windows</Filter>
    </ClInclude>
    <ClInclude Include="C:\Users\earth\Desktop\GameMath\Source\Player\Private\Windows\WindowsUtil.h">
      <Filter>Private\Windows</Filter>
    </ClInclude>
  </ItemGroup>
  <ItemGroup>
    <None Include="C:\Users\earth\Desktop\GameMath\Source\Player\Private\Windows\Res\player.ico">
      <Filter>Private\Windows\Res</Filter>
    </None>
    <None Include="C:\Users\earth\Desktop\GameMath\Source\Player\Private\Windows\Res\player_small.ico">
      <Filter>Private\Windows\Res</Filter>
    </None>
  </ItemGroup>
  <ItemGroup>
    <ResourceCompile Include="C:\Users\earth\Desktop\GameMath\Source\Player\Private\Windows\Res\player.rc">
      <Filter>Private\Windows\Res</Filter>
    </ResourceCompile>
  </ItemGroup>
  <ItemGroup>
    <Filter Include="Private">
      <UniqueIdentifier>{A661FE91-90EA-303B-BF05-377D72C59F92}</UniqueIdentifier>
    </Filter>
    <Filter Include="Private\Windows">
      <UniqueIdentifier>{FA6A22A0-81DF-3189-9AE4-9251A4145671}</UniqueIdentifier>
    </Filter>
    <Filter Include="Private\Windows\Res">
      <UniqueIdentifier>{6687E6B5-B146-3E05-A39C-47E3675DC835}</UniqueIdentifier>
    </Filter>
  </ItemGroup>
</Project>
